
Microsoft Visual Studio Solution File, Format Version 12.00
# Visual Studio Version 16
VisualStudioVersion = 16.0.30320.27
MinimumVisualStudioVersion = 10.0.40219.1
Project("{FAE04EC0-301F-11D3-BF4B-00C04F79EFBC}") = "AirPlane", "AirPlane\AirPlane.csproj", "{C9C6A875-A0CA-486C-996A-0D310EC16003}"
EndProject
Global
	GlobalSection(SolutionConfigurationPlatforms) = preSolution
		Debug|Any CPU = Debug|Any CPU
		Release|Any CPU = Release|Any CPU
	EndGlobalSection
	GlobalSection(ProjectConfigurationPlatforms) = postSolution
		{C9C6A875-A0CA-486C-996A-0D310EC16003}.Debug|Any CPU.ActiveCfg = Debug|Any CPU
		{C9C6A875-A0CA-486C-996A-0D310EC16003}.Debug|Any CPU.Build.0 = Debug|Any CPU
		{C9C6A875-A0CA-486C-996A-0D310EC16003}.Release|Any CPU.ActiveCfg = Release|Any CPU
		{C9C6A875-A0CA-486C-996A-0D310EC16003}.Release|Any CPU.Build.0 = Release|Any CPU
	EndGlobalSection
	GlobalSection(SolutionProperties) = preSolution
		HideSolutionNode = FALSE
	EndGlobalSection
	GlobalSection(ExtensibilityGlobals) = postSolution
		SolutionGuid = {AA673136-49BF-4249-8C26-2D96AF506EC8}
	EndGlobalSection
EndGlobal
